
Microsoft Visual Studio Solution File, Format Version 12.00
# Visual Studio Version 17
VisualStudioVersion = 17.9.34723.18
MinimumVisualStudioVersion = 10.0.40219.1
Project("{FAE04EC0-301F-11D3-BF4B-00C04F79EFBC}") = "Calculator", "Calculator\Calculator.csproj", "{C7CF9041-5458-4D46-AE82-35F7B9A8234F}"
EndProject
Global
	GlobalSection(SolutionConfigurationPlatforms) = preSolution
		Debug|Any CPU = Debug|Any CPU
		Release|Any CPU = Release|Any CPU
	EndGlobalSection
	GlobalSection(ProjectConfigurationPlatforms) = postSolution
		{C7CF9041-5458-4D46-AE82-35F7B9A8234F}.Debug|Any CPU.ActiveCfg = Debug|Any CPU
		{C7CF9041-5458-4D46-AE82-35F7B9A8234F}.Debug|Any CPU.Build.0 = Debug|Any CPU
		{C7CF9041-5458-4D46-AE82-35F7B9A8234F}.Release|Any CPU.ActiveCfg = Release|Any CPU
		{C7CF9041-5458-4D46-AE82-35F7B9A8234F}.Release|Any CPU.Build.0 = Release|Any CPU
	EndGlobalSection
	GlobalSection(SolutionProperties) = preSolution
		HideSolutionNode = FALSE
	EndGlobalSection
	GlobalSection(ExtensibilityGlobals) = postSolution
		SolutionGuid = {583B0E0A-B48B-488C-937C-E5D4C38C2D75}
	EndGlobalSection
EndGlobal
